
Microsoft Visual Studio Solution File, Format Version 11.00
# Visual Studio 2010
Project("{8BC9CEB8-8B4A-11D0-8D11-00A0C91BC942}") = "MapManager", "MapManager.vcxproj", "{D6056753-6212-5E8E-0A8B-D75670FB4E65}"
EndProject
Global
	GlobalSection(SolutionConfigurationPlatforms) = preSolution
		Debug|Win32 = Debug|Win32
		Release|Win32 = Release|Win32
	EndGlobalSection
	GlobalSection(ProjectConfigurationPlatforms) = postSolution
		{D6056753-6212-5E8E-0A8B-D75670FB4E65}.Debug|Win32.ActiveCfg = Debug|Win32
		{D6056753-6212-5E8E-0A8B-D75670FB4E65}.Debug|Win32.Build.0 = Debug|Win32
		{D6056753-6212-5E8E-0A8B-D75670FB4E65}.Release|Win32.ActiveCfg = Release|Win32
		{D6056753-6212-5E8E-0A8B-D75670FB4E65}.Release|Win32.Build.0 = Release|Win32
	EndGlobalSection
	GlobalSection(SolutionProperties) = preSolution
		HideSolutionNode = FALSE
	EndGlobalSection
EndGlobal
